# This file is generated by running "yarn install" inside your project.
# Manual changes might be lost - proceed with caution!

__metadata:
  version: 6
  cacheKey: 8

"@cspotcode/source-map-consumer@npm:0.8.0":
  version: 0.8.0
  resolution: "@cspotcode/source-map-consumer@npm:0.8.0"
  checksum: c0c16ca3d2f58898f1bd74c4f41a189dbcc202e642e60e489cbcc2e52419c4e89bdead02c886a12fb13ea37798ede9e562b2321df997ebc210ae9bd881561b4e
  languageName: node
  linkType: hard

"@cspotcode/source-map-support@npm:0.7.0":
  version: 0.7.0
  resolution: "@cspotcode/source-map-support@npm:0.7.0"
  dependencies:
    "@cspotcode/source-map-consumer": 0.8.0
  checksum: 9faddda7757cd778b5fd6812137b2cc265810043680d6399acc20441668fafcdc874053be9dccd0d9110087287bfad27eb3bf342f72bceca9aa9059f5d0c4be8
  languageName: node
  linkType: hard

"@tonic-foundation/config@npm:^0.0.3":
  version: 0.0.3
  resolution: "@tonic-foundation/config@npm:0.0.3"
  dependencies:
    near-api-js: ^0.44.2
  checksum: 8fcc3ddc198e9ef41c4cfdd51fb1155b2700868f0e965dbb71452f89209df28e5922b604c7190270716807bca2042af29caf0e399520ef4b9b204a494ffa86bf
  languageName: node
  linkType: hard

"@tonic-foundation/token-list@workspace:.":
  version: 0.0.0-use.local
  resolution: "@tonic-foundation/token-list@workspace:."
  dependencies:
    "@tonic-foundation/config": ^0.0.3
    "@tonic-foundation/token": ^0.0.3
    "@tsconfig/recommended": ^1.0.1
    "@types/node": ^17.0.35
    cross-fetch: ^3.1.5
    near-api-js: ^0.44.2
    ts-command-line-args: ^2.3.1
    ts-node: ^10.7.0
    tslib: ^2.4.0
    typedoc: ^0.22.17
    typescript: ^4.7.3
  languageName: unknown
  linkType: soft

"@tonic-foundation/token@npm:^0.0.3":
  version: 0.0.3
  resolution: "@tonic-foundation/token@npm:0.0.3"
  dependencies:
    "@tonic-foundation/utils": 0.0.3
    bn.js: ^5.2.1
    near-api-js: ^0.44.2
  checksum: 665d8f79fd57505687929e975797fc5bc6d58f9570881bb751615325de80bf2e20ff7a45f25ea365fdaaad01962302824d3f3bff11da7a4ac3b9ca72190083ac
  languageName: node
  linkType: hard

"@tonic-foundation/utils@npm:0.0.3":
  version: 0.0.3
  resolution: "@tonic-foundation/utils@npm:0.0.3"
  dependencies:
    bn.js: ^5.2.0
    near-api-js: ^0.44.2
  checksum: 8e0b1290ef4210d7821bd1c9984c4b483cb2c8b3cce1e870a2f2c303f20a66af3d59493e2b2d418cec1d626b1ed8fdc04de9fca16e85a86596535bd782a33fff
  languageName: node
  linkType: hard

"@tsconfig/node10@npm:^1.0.7":
  version: 1.0.8
  resolution: "@tsconfig/node10@npm:1.0.8"
  checksum: b8d5fffbc6b17ef64ef74f7fdbccee02a809a063ade785c3648dae59406bc207f70ea2c4296f92749b33019fa36a5ae716e42e49cc7f1bbf0fd147be0d6b970a
  languageName: node
  linkType: hard

"@tsconfig/node12@npm:^1.0.7":
  version: 1.0.9
  resolution: "@tsconfig/node12@npm:1.0.9"
  checksum: a01b2400ab3582b86b589c6d31dcd0c0656f333adecde85d6d7d4086adb059808b82692380bb169546d189bf771ae21d02544a75b57bd6da4a5dd95f8567bec9
  languageName: node
  linkType: hard

"@tsconfig/node14@npm:^1.0.0":
  version: 1.0.1
  resolution: "@tsconfig/node14@npm:1.0.1"
  checksum: 976345e896c0f059867f94f8d0f6ddb8b1844fb62bf36b727de8a9a68f024857e5db97ed51d3325e23e0616a5e48c034ff51a8d595b3fe7e955f3587540489be
  languageName: node
  linkType: hard

"@tsconfig/node16@npm:^1.0.2":
  version: 1.0.2
  resolution: "@tsconfig/node16@npm:1.0.2"
  checksum: ca94d3639714672bbfd55f03521d3f56bb6a25479bd425da81faf21f13e1e9d15f40f97377dedbbf477a5841c5b0c8f4cd1b391f33553d750b9202c54c2c07aa
  languageName: node
  linkType: hard

"@tsconfig/recommended@npm:^1.0.1":
  version: 1.0.1
  resolution: "@tsconfig/recommended@npm:1.0.1"
  checksum: 5f781e6a26277ee86dd0f1d575d18133627908ddf7c78acdcab0e40d0b7f21f4e1462eb8f98b74cda1d05d15fb3629ceea4c622ee031d62e31e7a99281c49294
  languageName: node
  linkType: hard

"@types/node@npm:^17.0.35":
  version: 17.0.35
  resolution: "@types/node@npm:17.0.35"
  checksum: 7a24946ae7fd20267ed92466384f594e448bfb151081158d565cc635d406ecb29ea8fb85fcd2a1f71efccf26fb5bd3c6f509bde56077eb8b832b847a6664bc62
  languageName: node
  linkType: hard

"acorn-walk@npm:^8.1.1":
  version: 8.2.0
  resolution: "acorn-walk@npm:8.2.0"
  checksum: 1715e76c01dd7b2d4ca472f9c58968516a4899378a63ad5b6c2d668bba8da21a71976c14ec5f5b75f887b6317c4ae0b897ab141c831d741dc76024d8745f1ad1
  languageName: node
  linkType: hard

"acorn@npm:^8.4.1":
  version: 8.7.1
  resolution: "acorn@npm:8.7.1"
  bin:
    acorn: bin/acorn
  checksum: aca0aabf98826717920ac2583fdcad0a6fbe4e583fdb6e843af2594e907455aeafe30b1e14f1757cd83ce1776773cf8296ffc3a4acf13f0bd3dfebcf1db6ae80
  languageName: node
  linkType: hard

"ansi-styles@npm:^3.2.1":
  version: 3.2.1
  resolution: "ansi-styles@npm:3.2.1"
  dependencies:
    color-convert: ^1.9.0
  checksum: d85ade01c10e5dd77b6c89f34ed7531da5830d2cb5882c645f330079975b716438cd7ebb81d0d6e6b4f9c577f19ae41ab55f07f19786b02f9dfd9e0377395665
  languageName: node
  linkType: hard

"ansi-styles@npm:^4.1.0":
  version: 4.3.0
  resolution: "ansi-styles@npm:4.3.0"
  dependencies:
    color-convert: ^2.0.1
  checksum: 513b44c3b2105dd14cc42a19271e80f386466c4be574bccf60b627432f9198571ebf4ab1e4c3ba17347658f4ee1711c163d574248c0c1cdc2d5917a0ad582ec4
  languageName: node
  linkType: hard

"arg@npm:^4.1.0":
  version: 4.1.3
  resolution: "arg@npm:4.1.3"
  checksum: 544af8dd3f60546d3e4aff084d451b96961d2267d668670199692f8d054f0415d86fc5497d0e641e91546f0aa920e7c29e5250e99fc89f5552a34b5d93b77f43
  languageName: node
  linkType: hard

"array-back@npm:^3.0.1, array-back@npm:^3.1.0":
  version: 3.1.0
  resolution: "array-back@npm:3.1.0"
  checksum: 7205004fcd0f9edd926db921af901b083094608d5b265738d0290092f9822f73accb468e677db74c7c94ef432d39e5ed75a7b1786701e182efb25bbba9734209
  languageName: node
  linkType: hard

"array-back@npm:^4.0.1, array-back@npm:^4.0.2":
  version: 4.0.2
  resolution: "array-back@npm:4.0.2"
  checksum: f30603270771eeb54e5aad5f54604c62b3577a18b6db212a7272b2b6c32049121b49431f656654790ed1469411e45f387e7627c0de8fd0515995cc40df9b9294
  languageName: node
  linkType: hard

"balanced-match@npm:^1.0.0":
  version: 1.0.2
  resolution: "balanced-match@npm:1.0.2"
  checksum: 9706c088a283058a8a99e0bf91b0a2f75497f185980d9ffa8b304de1d9e58ebda7c72c07ebf01dadedaac5b2907b2c6f566f660d62bd336c3468e960403b9d65
  languageName: node
  linkType: hard

"base-x@npm:^3.0.2":
  version: 3.0.9
  resolution: "base-x@npm:3.0.9"
  dependencies:
    safe-buffer: ^5.0.1
  checksum: 957101d6fd09e1903e846fd8f69fd7e5e3e50254383e61ab667c725866bec54e5ece5ba49ce385128ae48f9ec93a26567d1d5ebb91f4d56ef4a9cc0d5a5481e8
  languageName: node
  linkType: hard

"bn.js@npm:5.2.0, bn.js@npm:^5.2.0":
  version: 5.2.0
  resolution: "bn.js@npm:5.2.0"
  checksum: 6117170393200f68b35a061ecbf55d01dd989302e7b3c798a3012354fa638d124f0b2f79e63f77be5556be80322a09c40339eda6413ba7468524c0b6d4b4cb7a
  languageName: node
  linkType: hard

"bn.js@npm:^5.2.1":
  version: 5.2.1
  resolution: "bn.js@npm:5.2.1"
  checksum: 3dd8c8d38055fedfa95c1d5fc3c99f8dd547b36287b37768db0abab3c239711f88ff58d18d155dd8ad902b0b0cee973747b7ae20ea12a09473272b0201c9edd3
  languageName: node
  linkType: hard

"borsh@npm:^0.6.0":
  version: 0.6.0
  resolution: "borsh@npm:0.6.0"
  dependencies:
    bn.js: ^5.2.0
    bs58: ^4.0.0
    text-encoding-utf-8: ^1.0.2
  checksum: 633986769e931dd9d156c0d52a315cd3bb0546c24df84e28fa04859cccbebd9107f1621bd594d4a63ba23c7cda2931a8d97e54952ee766a097d3c2434f80b009
  languageName: node
  linkType: hard

"brace-expansion@npm:^2.0.1":
  version: 2.0.1
  resolution: "brace-expansion@npm:2.0.1"
  dependencies:
    balanced-match: ^1.0.0
  checksum: a61e7cd2e8a8505e9f0036b3b6108ba5e926b4b55089eeb5550cd04a471fe216c96d4fe7e4c7f995c728c554ae20ddfc4244cad10aef255e72b62930afd233d1
  languageName: node
  linkType: hard

"bs58@npm:^4.0.0":
  version: 4.0.1
  resolution: "bs58@npm:4.0.1"
  dependencies:
    base-x: ^3.0.2
  checksum: b3c5365bb9e0c561e1a82f1a2d809a1a692059fae016be233a6127ad2f50a6b986467c3a50669ce4c18929dcccb297c5909314dd347a25a68c21b68eb3e95ac2
  languageName: node
  linkType: hard

"capability@npm:^0.2.5":
  version: 0.2.5
  resolution: "capability@npm:0.2.5"
  checksum: 59ce65958dc0f2e76e7007fe8d5a0a85801b950bb957779c11948776f0e7a1290b9638bfd2da92b4b8bebd7584f92a8c38d4e6613659c9637783a6993026b08b
  languageName: node
  linkType: hard

"chalk@npm:^2.4.2":
  version: 2.4.2
  resolution: "chalk@npm:2.4.2"
  dependencies:
    ansi-styles: ^3.2.1
    escape-string-regexp: ^1.0.5
    supports-color: ^5.3.0
  checksum: ec3661d38fe77f681200f878edbd9448821924e0f93a9cefc0e26a33b145f1027a2084bf19967160d11e1f03bfe4eaffcabf5493b89098b2782c3fe0b03d80c2
  languageName: node
  linkType: hard

"chalk@npm:^4.1.0":
  version: 4.1.2
  resolution: "chalk@npm:4.1.2"
  dependencies:
    ansi-styles: ^4.1.0
    supports-color: ^7.1.0
  checksum: fe75c9d5c76a7a98d45495b91b2172fa3b7a09e0cc9370e5c8feb1c567b85c4288e2b3fded7cfdd7359ac28d6b3844feb8b82b8686842e93d23c827c417e83fc
  languageName: node
  linkType: hard

"color-convert@npm:^1.9.0":
  version: 1.9.3
  resolution: "color-convert@npm:1.9.3"
  dependencies:
    color-name: 1.1.3
  checksum: fd7a64a17cde98fb923b1dd05c5f2e6f7aefda1b60d67e8d449f9328b4e53b228a428fd38bfeaeb2db2ff6b6503a776a996150b80cdf224062af08a5c8a3a203
  languageName: node
  linkType: hard

"color-convert@npm:^2.0.1":
  version: 2.0.1
  resolution: "color-convert@npm:2.0.1"
  dependencies:
    color-name: ~1.1.4
  checksum: 79e6bdb9fd479a205c71d89574fccfb22bd9053bd98c6c4d870d65c132e5e904e6034978e55b43d69fcaa7433af2016ee203ce76eeba9cfa554b373e7f7db336
  languageName: node
  linkType: hard

"color-name@npm:1.1.3":
  version: 1.1.3
  resolution: "color-name@npm:1.1.3"
  checksum: 09c5d3e33d2105850153b14466501f2bfb30324a2f76568a408763a3b7433b0e50e5b4ab1947868e65cb101bb7cb75029553f2c333b6d4b8138a73fcc133d69d
  languageName: node
  linkType: hard

"color-name@npm:~1.1.4":
  version: 1.1.4
  resolution: "color-name@npm:1.1.4"
  checksum: b0445859521eb4021cd0fb0cc1a75cecf67fceecae89b63f62b201cca8d345baf8b952c966862a9d9a2632987d4f6581f0ec8d957dfacece86f0a7919316f610
  languageName: node
  linkType: hard

"command-line-args@npm:^5.1.1":
  version: 5.2.1
  resolution: "command-line-args@npm:5.2.1"
  dependencies:
    array-back: ^3.1.0
    find-replace: ^3.0.0
    lodash.camelcase: ^4.3.0
    typical: ^4.0.0
  checksum: e759519087be3cf2e86af8b9a97d3058b4910cd11ee852495be881a067b72891f6a32718fb685ee6d41531ab76b2b7bfb6602f79f882cd4b7587ff1e827982c7
  languageName: node
  linkType: hard

"command-line-usage@npm:^6.1.0":
  version: 6.1.3
  resolution: "command-line-usage@npm:6.1.3"
  dependencies:
    array-back: ^4.0.2
    chalk: ^2.4.2
    table-layout: ^1.0.2
    typical: ^5.2.0
  checksum: 8261d4e5536eb0bcddee0ec5e89c05bb2abd18e5760785c8078ede5020bc1c612cbe28eb6586f5ed4a3660689748e5aaad4a72f21566f4ef39393694e2fa1a0b
  languageName: node
  linkType: hard

"create-require@npm:^1.1.0":
  version: 1.1.1
  resolution: "create-require@npm:1.1.1"
  checksum: a9a1503d4390d8b59ad86f4607de7870b39cad43d929813599a23714831e81c520bddf61bcdd1f8e30f05fd3a2b71ae8538e946eb2786dc65c2bbc520f692eff
  languageName: node
  linkType: hard

"cross-fetch@npm:^3.1.5":
  version: 3.1.5
  resolution: "cross-fetch@npm:3.1.5"
  dependencies:
    node-fetch: 2.6.7
  checksum: f6b8c6ee3ef993ace6277fd789c71b6acf1b504fd5f5c7128df4ef2f125a429e29cd62dc8c127523f04a5f2fa4771ed80e3f3d9695617f441425045f505cf3bb
  languageName: node
  linkType: hard

"deep-extend@npm:~0.6.0":
  version: 0.6.0
  resolution: "deep-extend@npm:0.6.0"
  checksum: 7be7e5a8d468d6b10e6a67c3de828f55001b6eb515d014f7aeb9066ce36bd5717161eb47d6a0f7bed8a9083935b465bc163ee2581c8b128d29bf61092fdf57a7
  languageName: node
  linkType: hard

"depd@npm:^2.0.0":
  version: 2.0.0
  resolution: "depd@npm:2.0.0"
  checksum: abbe19c768c97ee2eed6282d8ce3031126662252c58d711f646921c9623f9052e3e1906443066beec1095832f534e57c523b7333f8e7e0d93051ab6baef5ab3a
  languageName: node
  linkType: hard

"depd@npm:~1.1.2":
  version: 1.1.2
  resolution: "depd@npm:1.1.2"
  checksum: 6b406620d269619852885ce15965272b829df6f409724415e0002c8632ab6a8c0a08ec1f0bd2add05dc7bd7507606f7e2cc034fa24224ab829580040b835ecd9
  languageName: node
  linkType: hard

"diff@npm:^4.0.1":
  version: 4.0.2
  resolution: "diff@npm:4.0.2"
  checksum: f2c09b0ce4e6b301c221addd83bf3f454c0bc00caa3dd837cf6c127d6edf7223aa2bbe3b688feea110b7f262adbfc845b757c44c8a9f8c0c5b15d8fa9ce9d20d
  languageName: node
  linkType: hard

"error-polyfill@npm:^0.1.3":
  version: 0.1.3
  resolution: "error-polyfill@npm:0.1.3"
  dependencies:
    capability: ^0.2.5
    o3: ^1.0.3
    u3: ^0.1.1
  checksum: 1aee485841310e1f4d10cde0a5c8ac840311c94914bb1aed8fd71826be84dd5dba3d4ab937f39c0b970edb3d0a76cfb5d001ec979db6c68858b5f75c1f504c52
  languageName: node
  linkType: hard

"escape-string-regexp@npm:^1.0.5":
  version: 1.0.5
  resolution: "escape-string-regexp@npm:1.0.5"
  checksum: 6092fda75c63b110c706b6a9bfde8a612ad595b628f0bd2147eea1d3406723020810e591effc7db1da91d80a71a737a313567c5abb3813e8d9c71f4aa595b410
  languageName: node
  linkType: hard

"find-replace@npm:^3.0.0":
  version: 3.0.0
  resolution: "find-replace@npm:3.0.0"
  dependencies:
    array-back: ^3.0.1
  checksum: 6b04bcfd79027f5b84aa1dfe100e3295da989bdac4b4de6b277f4d063e78f5c9e92ebc8a1fec6dd3b448c924ba404ee051cc759e14a3ee3e825fa1361025df08
  languageName: node
  linkType: hard

"fs.realpath@npm:^1.0.0":
  version: 1.0.0
  resolution: "fs.realpath@npm:1.0.0"
  checksum: 99ddea01a7e75aa276c250a04eedeffe5662bce66c65c07164ad6264f9de18fb21be9433ead460e54cff20e31721c811f4fb5d70591799df5f85dce6d6746fd0
  languageName: node
  linkType: hard

"glob@npm:^8.0.3":
  version: 8.0.3
  resolution: "glob@npm:8.0.3"
  dependencies:
    fs.realpath: ^1.0.0
    inflight: ^1.0.4
    inherits: 2
    minimatch: ^5.0.1
    once: ^1.3.0
  checksum: 50bcdea19d8e79d8de5f460b1939ffc2b3299eac28deb502093fdca22a78efebc03e66bf54f0abc3d3d07d8134d19a32850288b7440d77e072aa55f9d33b18c5
  languageName: node
  linkType: hard

"has-flag@npm:^3.0.0":
  version: 3.0.0
  resolution: "has-flag@npm:3.0.0"
  checksum: 4a15638b454bf086c8148979aae044dd6e39d63904cd452d970374fa6a87623423da485dfb814e7be882e05c096a7ccf1ebd48e7e7501d0208d8384ff4dea73b
  languageName: node
  linkType: hard

"has-flag@npm:^4.0.0":
  version: 4.0.0
  resolution: "has-flag@npm:4.0.0"
  checksum: 261a1357037ead75e338156b1f9452c016a37dcd3283a972a30d9e4a87441ba372c8b81f818cd0fbcd9c0354b4ae7e18b9e1afa1971164aef6d18c2b6095a8ad
  languageName: node
  linkType: hard

"http-errors@npm:^1.7.2":
  version: 1.8.1
  resolution: "http-errors@npm:1.8.1"
  dependencies:
    depd: ~1.1.2
    inherits: 2.0.4
    setprototypeof: 1.2.0
    statuses: ">= 1.5.0 < 2"
    toidentifier: 1.0.1
  checksum: d3c7e7e776fd51c0a812baff570bdf06fe49a5dc448b700ab6171b1250e4cf7db8b8f4c0b133e4bfe2451022a5790c1ca6c2cae4094dedd6ac8304a1267f91d2
  languageName: node
  linkType: hard

"inflight@npm:^1.0.4":
  version: 1.0.6
  resolution: "inflight@npm:1.0.6"
  dependencies:
    once: ^1.3.0
    wrappy: 1
  checksum: f4f76aa072ce19fae87ce1ef7d221e709afb59d445e05d47fba710e85470923a75de35bfae47da6de1b18afc3ce83d70facf44cfb0aff89f0a3f45c0a0244dfd
  languageName: node
  linkType: hard

"inherits@npm:2, inherits@npm:2.0.4":
  version: 2.0.4
  resolution: "inherits@npm:2.0.4"
  checksum: 4a48a733847879d6cf6691860a6b1e3f0f4754176e4d71494c41f3475553768b10f84b5ce1d40fbd0e34e6bfbb864ee35858ad4dd2cf31e02fc4a154b724d7f1
  languageName: node
  linkType: hard

"js-sha256@npm:^0.9.0":
  version: 0.9.0
  resolution: "js-sha256@npm:0.9.0"
  checksum: ffad54b3373f81581e245866abfda50a62c483803a28176dd5c28fd2d313e0bdf830e77dac7ff8afd193c53031618920f3d98daf21cbbe80082753ab639c0365
  languageName: node
  linkType: hard

"jsonc-parser@npm:^3.0.0":
  version: 3.0.0
  resolution: "jsonc-parser@npm:3.0.0"
  checksum: 1df2326f1f9688de30c70ff19c5b2a83ba3b89a1036160da79821d1361090775e9db502dc57a67c11b56e1186fc1ed70b887f25c5febf9a3ec4f91435836c99d
  languageName: node
  linkType: hard

"lodash.camelcase@npm:^4.3.0":
  version: 4.3.0
  resolution: "lodash.camelcase@npm:4.3.0"
  checksum: cb9227612f71b83e42de93eccf1232feeb25e705bdb19ba26c04f91e885bfd3dd5c517c4a97137658190581d3493ea3973072ca010aab7e301046d90740393d1
  languageName: node
  linkType: hard

"lunr@npm:^2.3.9":
  version: 2.3.9
  resolution: "lunr@npm:2.3.9"
  checksum: 176719e24fcce7d3cf1baccce9dd5633cd8bdc1f41ebe6a180112e5ee99d80373fe2454f5d4624d437e5a8319698ca6837b9950566e15d2cae5f2a543a3db4b8
  languageName: node
  linkType: hard

"make-error@npm:^1.1.1":
  version: 1.3.6
  resolution: "make-error@npm:1.3.6"
  checksum: b86e5e0e25f7f777b77fabd8e2cbf15737972869d852a22b7e73c17623928fccb826d8e46b9951501d3f20e51ad74ba8c59ed584f610526a48f8ccf88aaec402
  languageName: node
  linkType: hard

"marked@npm:^4.0.16":
  version: 4.0.16
  resolution: "marked@npm:4.0.16"
  bin:
    marked: bin/marked.js
  checksum: c0ef780bf56c9bb49c15b66683e5648410c924c1d725f1489fc3c7dc3bd01194c50d720052bb0282ad7907f472dfdc8fa278acbc7903c5db3be4b83487e0d684
  languageName: node
  linkType: hard

"minimatch@npm:^5.0.1, minimatch@npm:^5.1.0":
  version: 5.1.0
  resolution: "minimatch@npm:5.1.0"
  dependencies:
    brace-expansion: ^2.0.1
  checksum: 15ce53d31a06361e8b7a629501b5c75491bc2b59712d53e802b1987121d91b433d73fcc5be92974fde66b2b51d8fb28d75a9ae900d249feb792bb1ba2a4f0a90
  languageName: node
  linkType: hard

"mustache@npm:^4.0.0":
  version: 4.2.0
  resolution: "mustache@npm:4.2.0"
  bin:
    mustache: bin/mustache
  checksum: 928fcb63e3aa44a562bfe9b59ba202cccbe40a46da50be6f0dd831b495be1dd7e38ca4657f0ecab2c1a89dc7bccba0885eab7ee7c1b215830da765758c7e0506
  languageName: node
  linkType: hard

"near-api-js@npm:^0.44.2":
  version: 0.44.2
  resolution: "near-api-js@npm:0.44.2"
  dependencies:
    bn.js: 5.2.0
    borsh: ^0.6.0
    bs58: ^4.0.0
    depd: ^2.0.0
    error-polyfill: ^0.1.3
    http-errors: ^1.7.2
    js-sha256: ^0.9.0
    mustache: ^4.0.0
    node-fetch: ^2.6.1
    text-encoding-utf-8: ^1.0.2
    tweetnacl: ^1.0.1
  checksum: d63625ab83d695d23a9126997355909fe141204c431a4818733050e1fcda11e5508dc70ff2e8fd55c1b2842908babd42fcf0ed4f3dc8c3fdb23ae422c497996d
  languageName: node
  linkType: hard

"node-fetch@npm:2.6.7, node-fetch@npm:^2.6.1":
  version: 2.6.7
  resolution: "node-fetch@npm:2.6.7"
  dependencies:
    whatwg-url: ^5.0.0
  peerDependencies:
    encoding: ^0.1.0
  peerDependenciesMeta:
    encoding:
      optional: true
  checksum: 8d816ffd1ee22cab8301c7756ef04f3437f18dace86a1dae22cf81db8ef29c0bf6655f3215cb0cdb22b420b6fe141e64b26905e7f33f9377a7fa59135ea3e10b
  languageName: node
  linkType: hard

"o3@npm:^1.0.3":
  version: 1.0.3
  resolution: "o3@npm:1.0.3"
  dependencies:
    capability: ^0.2.5
  checksum: 3b4d0686c94ac21b3c8bd66fb2c93a4daef7b8f52a20b04595754f8dc4102550de9a7b1cdffa3db2191d47a4ae70ca568f21d9f3ba29bb15c3f004dbf636c33c
  languageName: node
  linkType: hard

"once@npm:^1.3.0":
  version: 1.4.0
  resolution: "once@npm:1.4.0"
  dependencies:
    wrappy: 1
  checksum: cd0a88501333edd640d95f0d2700fbde6bff20b3d4d9bdc521bdd31af0656b5706570d6c6afe532045a20bb8dc0849f8332d6f2a416e0ba6d3d3b98806c7db68
  languageName: node
  linkType: hard

"reduce-flatten@npm:^2.0.0":
  version: 2.0.0
  resolution: "reduce-flatten@npm:2.0.0"
  checksum: 64393ef99a16b20692acfd60982d7fdbd7ff8d9f8f185c6023466444c6dd2abb929d67717a83cec7f7f8fb5f46a25d515b3b2bf2238fdbfcdbfd01d2a9e73cb8
  languageName: node
  linkType: hard

"safe-buffer@npm:^5.0.1":
  version: 5.2.1
  resolution: "safe-buffer@npm:5.2.1"
  checksum: b99c4b41fdd67a6aaf280fcd05e9ffb0813654894223afb78a31f14a19ad220bba8aba1cb14eddce1fcfb037155fe6de4e861784eb434f7d11ed58d1e70dd491
  languageName: node
  linkType: hard

"setprototypeof@npm:1.2.0":
  version: 1.2.0
  resolution: "setprototypeof@npm:1.2.0"
  checksum: be18cbbf70e7d8097c97f713a2e76edf84e87299b40d085c6bf8b65314e994cc15e2e317727342fa6996e38e1f52c59720b53fe621e2eb593a6847bf0356db89
  languageName: node
  linkType: hard

"shiki@npm:^0.10.1":
  version: 0.10.1
  resolution: "shiki@npm:0.10.1"
  dependencies:
    jsonc-parser: ^3.0.0
    vscode-oniguruma: ^1.6.1
    vscode-textmate: 5.2.0
  checksum: fb746f3cb3de7e545e3b10a6cb658d3938f840e4ccc9a3c90ceb7e69a8f89dbb432171faac1e9f02a03f103684dad88ee5e54b5c4964fa6b579fca6e8e26424d
  languageName: node
  linkType: hard

"statuses@npm:>= 1.5.0 < 2":
  version: 1.5.0
  resolution: "statuses@npm:1.5.0"
  checksum: c469b9519de16a4bb19600205cffb39ee471a5f17b82589757ca7bd40a8d92ebb6ed9f98b5a540c5d302ccbc78f15dc03cc0280dd6e00df1335568a5d5758a5c
  languageName: node
  linkType: hard

"string-format@npm:^2.0.0":
  version: 2.0.0
  resolution: "string-format@npm:2.0.0"
  checksum: dada2ef95f6d36c66562c673d95315f80457fa7dce2f3609a2e75d1190b98c88319028cf0a5b6c043d01c18d581b2641579f79480584ba030d6ac6fceb30bc55
  languageName: node
  linkType: hard

"supports-color@npm:^5.3.0":
  version: 5.5.0
  resolution: "supports-color@npm:5.5.0"
  dependencies:
    has-flag: ^3.0.0
  checksum: 95f6f4ba5afdf92f495b5a912d4abee8dcba766ae719b975c56c084f5004845f6f5a5f7769f52d53f40e21952a6d87411bafe34af4a01e65f9926002e38e1dac
  languageName: node
  linkType: hard

"supports-color@npm:^7.1.0":
  version: 7.2.0
  resolution: "supports-color@npm:7.2.0"
  dependencies:
    has-flag: ^4.0.0
  checksum: 3dda818de06ebbe5b9653e07842d9479f3555ebc77e9a0280caf5a14fb877ffee9ed57007c3b78f5a6324b8dbeec648d9e97a24e2ed9fdb81ddc69ea07100f4a
  languageName: node
  linkType: hard

"table-layout@npm:^1.0.2":
  version: 1.0.2
  resolution: "table-layout@npm:1.0.2"
  dependencies:
    array-back: ^4.0.1
    deep-extend: ~0.6.0
    typical: ^5.2.0
    wordwrapjs: ^4.0.0
  checksum: 8f41b5671f101a5195747ec1727b1d35ea2cd5bf85addda11cc2f4b36892db9696ce3c2c7334b5b8a122505b34d19135fede50e25678df71b0439e0704fd953f
  languageName: node
  linkType: hard

"text-encoding-utf-8@npm:^1.0.2":
  version: 1.0.2
  resolution: "text-encoding-utf-8@npm:1.0.2"
  checksum: ec4c15d50e738c5dba7327ad432ebf0725ec75d4d69c0bd55609254c5a3bc5341272d7003691084a0a73d60d981c8eb0e87603676fdb6f3fed60f4c9192309f9
  languageName: node
  linkType: hard

"toidentifier@npm:1.0.1":
  version: 1.0.1
  resolution: "toidentifier@npm:1.0.1"
  checksum: 952c29e2a85d7123239b5cfdd889a0dde47ab0497f0913d70588f19c53f7e0b5327c95f4651e413c74b785147f9637b17410ac8c846d5d4a20a5a33eb6dc3a45
  languageName: node
  linkType: hard

"tr46@npm:~0.0.3":
  version: 0.0.3
  resolution: "tr46@npm:0.0.3"
  checksum: 726321c5eaf41b5002e17ffbd1fb7245999a073e8979085dacd47c4b4e8068ff5777142fc6726d6ca1fd2ff16921b48788b87225cbc57c72636f6efa8efbffe3
  languageName: node
  linkType: hard

"ts-command-line-args@npm:^2.3.1":
  version: 2.3.1
  resolution: "ts-command-line-args@npm:2.3.1"
  dependencies:
    chalk: ^4.1.0
    command-line-args: ^5.1.1
    command-line-usage: ^6.1.0
    string-format: ^2.0.0
  bin:
    write-markdown: dist/write-markdown.js
  checksum: f74a3461891c2a52cc3fd850ad53e983972ba8208410c441a4491f66d15e5d5ea6bed696cbdb54427d6b798b902f841f0c9d3ed13468c2e179285b7507df7a0d
  languageName: node
  linkType: hard

"ts-node@npm:^10.7.0":
  version: 10.7.0
  resolution: "ts-node@npm:10.7.0"
  dependencies:
    "@cspotcode/source-map-support": 0.7.0
    "@tsconfig/node10": ^1.0.7
    "@tsconfig/node12": ^1.0.7
    "@tsconfig/node14": ^1.0.0
    "@tsconfig/node16": ^1.0.2
    acorn: ^8.4.1
    acorn-walk: ^8.1.1
    arg: ^4.1.0
    create-require: ^1.1.0
    diff: ^4.0.1
    make-error: ^1.1.1
    v8-compile-cache-lib: ^3.0.0
    yn: 3.1.1
  peerDependencies:
    "@swc/core": ">=1.2.50"
    "@swc/wasm": ">=1.2.50"
    "@types/node": "*"
    typescript: ">=2.7"
  peerDependenciesMeta:
    "@swc/core":
      optional: true
    "@swc/wasm":
      optional: true
  bin:
    ts-node: dist/bin.js
    ts-node-cwd: dist/bin-cwd.js
    ts-node-esm: dist/bin-esm.js
    ts-node-script: dist/bin-script.js
    ts-node-transpile-only: dist/bin-transpile.js
    ts-script: dist/bin-script-deprecated.js
  checksum: 2a379e43f7478d0b79e1e63af91fe222d83857727957df4bd3bdf3c0a884de5097b12feb9bbf530074526b8874c0338b0e6328cf334f3a5e2c49c71e837273f7
  languageName: node
  linkType: hard

"tslib@npm:^2.4.0":
  version: 2.4.0
  resolution: "tslib@npm:2.4.0"
  checksum: 8c4aa6a3c5a754bf76aefc38026134180c053b7bd2f81338cb5e5ebf96fefa0f417bff221592bf801077f5bf990562f6264fecbc42cd3309b33872cb6fc3b113
  languageName: node
  linkType: hard

"tweetnacl@npm:^1.0.1":
  version: 1.0.3
  resolution: "tweetnacl@npm:1.0.3"
  checksum: e4a57cac188f0c53f24c7a33279e223618a2bfb5fea426231991652a13247bea06b081fd745d71291fcae0f4428d29beba1b984b1f1ce6f66b06a6d1ab90645c
  languageName: node
  linkType: hard

"typedoc@npm:^0.22.17":
  version: 0.22.17
  resolution: "typedoc@npm:0.22.17"
  dependencies:
    glob: ^8.0.3
    lunr: ^2.3.9
    marked: ^4.0.16
    minimatch: ^5.1.0
    shiki: ^0.10.1
  peerDependencies:
    typescript: 4.0.x || 4.1.x || 4.2.x || 4.3.x || 4.4.x || 4.5.x || 4.6.x || 4.7.x
  bin:
    typedoc: bin/typedoc
  checksum: 3a2f492477989855fa43afc0ebfb84dca819436ec5c868ca175cb02485c6347c04dbb2d11669a8be04fc6860a8f3d29d124300b5718ba17174622ace29a0276a
  languageName: node
  linkType: hard

"typescript@npm:^4.7.3":
  version: 4.7.3
  resolution: "typescript@npm:4.7.3"
  bin:
    tsc: bin/tsc
    tsserver: bin/tsserver
  checksum: fd13a1ce53790a36bb8350e1f5e5e384b5f6cb9b0635114a6d01d49cb99916abdcfbc13c7521cdae2f2d3f6d8bc4a8ae7625edf645a04ee940588cd5e7597b2f
  languageName: node
  linkType: hard

"typescript@patch:typescript@^4.7.3#~builtin<compat/typescript>":
  version: 4.7.3
  resolution: "typescript@patch:typescript@npm%3A4.7.3#~builtin<compat/typescript>::version=4.7.3&hash=65a307"
  bin:
    tsc: bin/tsc
    tsserver: bin/tsserver
  checksum: 137d18a77f52254a284960b16ab53d0619f57b69b5d585804b8413f798a1175ce3e774fb95e6a101868577aafe357d8fcfc9171f0dc9fc0c210e9ae59d107cc0
  languageName: node
  linkType: hard

"typical@npm:^4.0.0":
  version: 4.0.0
  resolution: "typical@npm:4.0.0"
  checksum: a242081956825328f535e6195a924240b34daf6e7fdb573a1809a42b9f37fb8114fa99c7ab89a695e0cdb419d4149d067f6723e4b95855ffd39c6c4ca378efb3
  languageName: node
  linkType: hard

"typical@npm:^5.2.0":
  version: 5.2.0
  resolution: "typical@npm:5.2.0"
  checksum: ccaeb151a9a556291b495571ca44c4660f736fb49c29314bbf773c90fad92e9485d3cc2b074c933866c1595abbbc962f2b8bfc6e0f52a8c6b0cdd205442036ac
  languageName: node
  linkType: hard

"u3@npm:^0.1.1":
  version: 0.1.1
  resolution: "u3@npm:0.1.1"
  checksum: d55f396c607b0a2340d6165526b5143a29b369e7e0397b04f79633db77cd668f2da713feb7adb4f93a588e82a388ff995d9a2b16123d0cb02fe394fd2f26b529
  languageName: node
  linkType: hard

"v8-compile-cache-lib@npm:^3.0.0":
  version: 3.0.1
  resolution: "v8-compile-cache-lib@npm:3.0.1"
  checksum: 78089ad549e21bcdbfca10c08850022b22024cdcc2da9b168bcf5a73a6ed7bf01a9cebb9eac28e03cd23a684d81e0502797e88f3ccd27a32aeab1cfc44c39da0
  languageName: node
  linkType: hard

"vscode-oniguruma@npm:^1.6.1":
  version: 1.6.2
  resolution: "vscode-oniguruma@npm:1.6.2"
  checksum: 6b754acdafd5b68242ea5938bb00a32effc16c77f471d4f0f337d879d0e8e592622998e2441f42d9a7ff799c1593f31c11f26ca8d9bf9917e3ca881d3c1f3e19
  languageName: node
  linkType: hard

"vscode-textmate@npm:5.2.0":
  version: 5.2.0
  resolution: "vscode-textmate@npm:5.2.0"
  checksum: 5449b42d451080f6f3649b66948f4b5ee4643c4e88cfe3558a3b31c84c78060cfdd288c4958c1690eaa5cd65d09992fa6b7c3bef9d4aa72b3651054a04624d20
  languageName: node
  linkType: hard

"webidl-conversions@npm:^3.0.0":
  version: 3.0.1
  resolution: "webidl-conversions@npm:3.0.1"
  checksum: c92a0a6ab95314bde9c32e1d0a6dfac83b578f8fa5f21e675bc2706ed6981bc26b7eb7e6a1fab158e5ce4adf9caa4a0aee49a52505d4d13c7be545f15021b17c
  languageName: node
  linkType: hard

"whatwg-url@npm:^5.0.0":
  version: 5.0.0
  resolution: "whatwg-url@npm:5.0.0"
  dependencies:
    tr46: ~0.0.3
    webidl-conversions: ^3.0.0
  checksum: b8daed4ad3356cc4899048a15b2c143a9aed0dfae1f611ebd55073310c7b910f522ad75d727346ad64203d7e6c79ef25eafd465f4d12775ca44b90fa82ed9e2c
  languageName: node
  linkType: hard

"wordwrapjs@npm:^4.0.0":
  version: 4.0.1
  resolution: "wordwrapjs@npm:4.0.1"
  dependencies:
    reduce-flatten: ^2.0.0
    typical: ^5.2.0
  checksum: 3d927f3c95d0ad990968da54c0ad8cde2801d8e91006cd7474c26e6b742cc8557250ce495c9732b2f9db1f903601cb74ec282e0f122ee0d02d7abe81e150eea8
  languageName: node
  linkType: hard

"wrappy@npm:1":
  version: 1.0.2
  resolution: "wrappy@npm:1.0.2"
  checksum: 159da4805f7e84a3d003d8841557196034155008f817172d4e986bd591f74aa82aa7db55929a54222309e01079a65a92a9e6414da5a6aa4b01ee44a511ac3ee5
  languageName: node
  linkType: hard

"yn@npm:3.1.1":
  version: 3.1.1
  resolution: "yn@npm:3.1.1"
  checksum: 2c487b0e149e746ef48cda9f8bad10fc83693cd69d7f9dcd8be4214e985de33a29c9e24f3c0d6bcf2288427040a8947406ab27f7af67ee9456e6b84854f02dd6
  languageName: node
  linkType: hard
